
Microsoft Visual Studio Solution File, Format Version 12.00
# Visual Studio Version 18
VisualStudioVersion = 18.6.11819.183 stable
MinimumVisualStudioVersion = 10.0.40219.1
Project("{FAE04EC0-301F-11D3-BF4B-00C04F79EFBC}") = "Seprise", "Seprise.csproj", "{FFDFF19F-BFB2-330D-DC39-1198C378E55C}"
EndProject
Global
	GlobalSection(SolutionConfigurationPlatforms) = preSolution
		Debug|Any CPU = Debug|Any CPU
		Release|Any CPU = Release|Any CPU
	EndGlobalSection
	GlobalSection(ProjectConfigurationPlatforms) = postSolution
		{FFDFF19F-BFB2-330D-DC39-1198C378E55C}.Debug|Any CPU.ActiveCfg = Debug|Any CPU
		{FFDFF19F-BFB2-330D-DC39-1198C378E55C}.Debug|Any CPU.Build.0 = Debug|Any CPU
		{FFDFF19F-BFB2-330D-DC39-1198C378E55C}.Release|Any CPU.ActiveCfg = Release|Any CPU
		{FFDFF19F-BFB2-330D-DC39-1198C378E55C}.Release|Any CPU.Build.0 = Release|Any CPU
	EndGlobalSection
	GlobalSection(SolutionProperties) = preSolution
		HideSolutionNode = FALSE
	EndGlobalSection
	GlobalSection(ExtensibilityGlobals) = postSolution
		SolutionGuid = {3317460A-3D60-44FE-83E8-0F4BE87FFF51}
	EndGlobalSection
EndGlobal
